
Microsoft Visual Studio Solution File, Format Version 12.00
# Visual Studio 14
VisualStudioVersion = 14.0.25420.1
MinimumVisualStudioVersion = 10.0.40219.1
Project("{FAE04EC0-301F-11D3-BF4B-00C04F79EFBC}") = "Wasserqualitaet", "Wasserqualitaet\Wasserqualitaet.csproj", "{1104C2AD-4EDC-4AAC-8B5C-80FF20224566}"
EndProject
Project("{FAE04EC0-301F-11D3-BF4B-00C04F79EFBC}") = "Bestellung", "Bestellung\Bestellung.csproj", "{4730ACDF-2F09-4C68-85CA-7ABFF736800E}"
EndProject
Global
	GlobalSection(SolutionConfigurationPlatforms) = preSolution
		Debug|Any CPU = Debug|Any CPU
		Release|Any CPU = Release|Any CPU
	EndGlobalSection
	GlobalSection(ProjectConfigurationPlatforms) = postSolution
		{1104C2AD-4EDC-4AAC-8B5C-80FF20224566}.Debug|Any CPU.ActiveCfg = Debug|Any CPU
		{1104C2AD-4EDC-4AAC-8B5C-80FF20224566}.Debug|Any CPU.Build.0 = Debug|Any CPU
		{1104C2AD-4EDC-4AAC-8B5C-80FF20224566}.Release|Any CPU.ActiveCfg = Release|Any CPU
		{1104C2AD-4EDC-4AAC-8B5C-80FF20224566}.Release|Any CPU.Build.0 = Release|Any CPU
		{4730ACDF-2F09-4C68-85CA-7ABFF736800E}.Debug|Any CPU.ActiveCfg = Debug|Any CPU
		{4730ACDF-2F09-4C68-85CA-7ABFF736800E}.Debug|Any CPU.Build.0 = Debug|Any CPU
		{4730ACDF-2F09-4C68-85CA-7ABFF736800E}.Release|Any CPU.ActiveCfg = Release|Any CPU
		{4730ACDF-2F09-4C68-85CA-7ABFF736800E}.Release|Any CPU.Build.0 = Release|Any CPU
	EndGlobalSection
	GlobalSection(SolutionProperties) = preSolution
		HideSolutionNode = FALSE
	EndGlobalSection
EndGlobal
